// !$*UTF8*$!
{
	archiveVersion = 1;
	classes = {
	};
	objectVersion = 55;
	objects = {

/* Begin PBXBuildFile section */
		4F6B0988285B78E600F06DCC /* DocNextDoorApp.swift in Sources */ = {isa = PBXBuildFile; fileRef = 4F6B0987285B78E600F06DCC /* DocNextDoorApp.swift */; };
		4F6B098A285B78E600F06DCC /* (null) in Sources */ = {isa = PBXBuildFile; };
		4FB38B49286B37B1002ECF0D /* Button_Annonce.swift in Sources */ = {isa = PBXBuildFile; fileRef = 4FB38B45286B37B1002ECF0D /* Button_Annonce.swift */; };
		4FB38B4A286B37B1002ECF0D /* ImagePicker.swift in Sources */ = {isa = PBXBuildFile; fileRef = 4FB38B46286B37B1002ECF0D /* ImagePicker.swift */; };
		4FB38B4B286B37B1002ECF0D /* AdsTextField.swift in Sources */ = {isa = PBXBuildFile; fileRef = 4FB38B47286B37B1002ECF0D /* AdsTextField.swift */; };
		4FB38B4C286B37B1002ECF0D /* AdsCreatV2.swift in Sources */ = {isa = PBXBuildFile; fileRef = 4FB38B48286B37B1002ECF0D /* AdsCreatV2.swift */; };
		4FB38B4E286B3867002ECF0D /* AdsImage.swift in Sources */ = {isa = PBXBuildFile; fileRef = 4FB38B4D286B3867002ECF0D /* AdsImage.swift */; };
		4FB38B50286B387A002ECF0D /* AdsPicto.swift in Sources */ = {isa = PBXBuildFile; fileRef = 4FB38B4F286B387A002ECF0D /* AdsPicto.swift */; };
		4FB38B52286C349A002ECF0D /* SendMail.swift in Sources */ = {isa = PBXBuildFile; fileRef = 4FB38B51286C349A002ECF0D /* SendMail.swift */; };
		5FC422DA286998D300005A18 /* MapView.swift in Sources */ = {isa = PBXBuildFile; fileRef = 5FC422D9286998D300005A18 /* MapView.swift */; };
		5FC422DC2869993A00005A18 /* MapViewModel.swift in Sources */ = {isa = PBXBuildFile; fileRef = 5FC422DB2869993A00005A18 /* MapViewModel.swift */; };
		5FC422E22869A06B00005A18 /* AdsSearchView.swift in Sources */ = {isa = PBXBuildFile; fileRef = 5FC422E12869A06B00005A18 /* AdsSearchView.swift */; };
		5FDF690B286B22BA00CF567E /* TransportsRow.swift in Sources */ = {isa = PBXBuildFile; fileRef = 5FDF6905286B22BA00CF567E /* TransportsRow.swift */; };
		5FDF690C286B22BA00CF567E /* medicCenterList.swift in Sources */ = {isa = PBXBuildFile; fileRef = 5FDF6906286B22BA00CF567E /* medicCenterList.swift */; };
		5FDF690D286B22BA00CF567E /* specialtiesList.swift in Sources */ = {isa = PBXBuildFile; fileRef = 5FDF6907286B22BA00CF567E /* specialtiesList.swift */; };
		5FDF690E286B22BA00CF567E /* FiltersView.swift in Sources */ = {isa = PBXBuildFile; fileRef = 5FDF6908286B22BA00CF567E /* FiltersView.swift */; };
		5FDF690F286B22BA00CF567E /* FiltersViewRow.swift in Sources */ = {isa = PBXBuildFile; fileRef = 5FDF6909286B22BA00CF567E /* FiltersViewRow.swift */; };
		7B0A7ABB286300D900E8DEA6 /* FredokaOne-Regular.ttf in Resources */ = {isa = PBXBuildFile; fileRef = 7B0A7ABA286300D900E8DEA6 /* FredokaOne-Regular.ttf */; };
		7B31E4982865F1CF00DDBCF8 /* LaunchScreen.storyboard in Resources */ = {isa = PBXBuildFile; fileRef = 7B31E49A2865F1CF00DDBCF8 /* LaunchScreen.storyboard */; };
		7B393FBE286AEED900430DA5 /* Textfield param.swift in Sources */ = {isa = PBXBuildFile; fileRef = 7B393F94286AEED800430DA5 /* Textfield param.swift */; };
		7B393FBF286AEED900430DA5 /* Apply.swift in Sources */ = {isa = PBXBuildFile; fileRef = 7B393F95286AEED800430DA5 /* Apply.swift */; };
		7B393FC7286AEED900430DA5 /* Helpers.swift in Sources */ = {isa = PBXBuildFile; fileRef = 7B393F9F286AEED800430DA5 /* Helpers.swift */; };
		7B393FC8286AEED900430DA5 /* Assets.xcassets in Resources */ = {isa = PBXBuildFile; fileRef = 7B393FA0286AEED800430DA5 /* Assets.xcassets */; };
		7B393FC9286AEED900430DA5 /* Preview Assets.xcassets in Resources */ = {isa = PBXBuildFile; fileRef = 7B393FA2286AEED800430DA5 /* Preview Assets.xcassets */; };
		7B393FCB286AEED900430DA5 /* CV3.pdf in Resources */ = {isa = PBXBuildFile; fileRef = 7B393FA5286AEED800430DA5 /* CV3.pdf */; };
		7B393FCD286AEED900430DA5 /* Structures.swift in Sources */ = {isa = PBXBuildFile; fileRef = 7B393FA8286AEED800430DA5 /* Structures.swift */; };
		7B393FD0286AEED900430DA5 /* DetailedAdUIView.swift in Sources */ = {isa = PBXBuildFile; fileRef = 7B393FAD286AEED800430DA5 /* DetailedAdUIView.swift */; };
		7B393FD1286AEED900430DA5 /* Profile.swift in Sources */ = {isa = PBXBuildFile; fileRef = 7B393FAE286AEED800430DA5 /* Profile.swift */; };
		7B393FD2286AEED900430DA5 /* BubbleTabBarView.swift in Sources */ = {isa = PBXBuildFile; fileRef = 7B393FB0286AEED800430DA5 /* BubbleTabBarView.swift */; };
		7B393FD4286AEED900430DA5 /* AdDiscoverUIView.swift in Sources */ = {isa = PBXBuildFile; fileRef = 7B393FB2286AEED900430DA5 /* AdDiscoverUIView.swift */; };
		7B393FD5286AEED900430DA5 /* Settings.swift in Sources */ = {isa = PBXBuildFile; fileRef = 7B393FB3286AEED900430DA5 /* Settings.swift */; };
		7B393FD6286AEED900430DA5 /* CreationAdUIView.swift in Sources */ = {isa = PBXBuildFile; fileRef = 7B393FB4286AEED900430DA5 /* CreationAdUIView.swift */; };
		7B393FD7286AEED900430DA5 /* AdPublished.swift in Sources */ = {isa = PBXBuildFile; fileRef = 7B393FB5286AEED900430DA5 /* AdPublished.swift */; };
		7B393FD8286AEED900430DA5 /* SavedAds.swift in Sources */ = {isa = PBXBuildFile; fileRef = 7B393FB6286AEED900430DA5 /* SavedAds.swift */; };
		7B393FDA286AEED900430DA5 /* CVSent.swift in Sources */ = {isa = PBXBuildFile; fileRef = 7B393FB8286AEED900430DA5 /* CVSent.swift */; };
		7B393FDB286AEED900430DA5 /* DataFile.swift in Sources */ = {isa = PBXBuildFile; fileRef = 7B393FBA286AEED900430DA5 /* DataFile.swift */; };
/* End PBXBuildFile section */

/* Begin PBXFileReference section */
		4F6B0984285B78E600F06DCC /* DocNextDoor.app */ = {isa = PBXFileReference; explicitFileType = wrapper.application; includeInIndex = 0; path = DocNextDoor.app; sourceTree = BUILT_PRODUCTS_DIR; };
		4F6B0987285B78E600F06DCC /* DocNextDoorApp.swift */ = {isa = PBXFileReference; lastKnownFileType = sourcecode.swift; path = DocNextDoorApp.swift; sourceTree = "<group>"; };
		4F6B098B285B78E700F06DCC /* Assets.xcassets */ = {isa = PBXFileReference; lastKnownFileType = folder.assetcatalog; path = Assets.xcassets; sourceTree = "<group>"; };
		4FB38B45286B37B1002ECF0D /* Button_Annonce.swift */ = {isa = PBXFileReference; fileEncoding = 4; lastKnownFileType = sourcecode.swift; path = Button_Annonce.swift; sourceTree = "<group>"; };
		4FB38B46286B37B1002ECF0D /* ImagePicker.swift */ = {isa = PBXFileReference; fileEncoding = 4; lastKnownFileType = sourcecode.swift; path = ImagePicker.swift; sourceTree = "<group>"; };
		4FB38B47286B37B1002ECF0D /* AdsTextField.swift */ = {isa = PBXFileReference; fileEncoding = 4; lastKnownFileType = sourcecode.swift; path = AdsTextField.swift; sourceTree = "<group>"; };
		4FB38B48286B37B1002ECF0D /* AdsCreatV2.swift */ = {isa = PBXFileReference; fileEncoding = 4; lastKnownFileType = sourcecode.swift; path = AdsCreatV2.swift; sourceTree = "<group>"; };
		4FB38B4D286B3867002ECF0D /* AdsImage.swift */ = {isa = PBXFileReference; fileEncoding = 4; lastKnownFileType = sourcecode.swift; path = AdsImage.swift; sourceTree = "<group>"; };
		4FB38B4F286B387A002ECF0D /* AdsPicto.swift */ = {isa = PBXFileReference; fileEncoding = 4; lastKnownFileType = sourcecode.swift; path = AdsPicto.swift; sourceTree = "<group>"; };
		4FB38B51286C349A002ECF0D /* SendMail.swift */ = {isa = PBXFileReference; lastKnownFileType = sourcecode.swift; path = SendMail.swift; sourceTree = "<group>"; };
		5FC422D9286998D300005A18 /* MapView.swift */ = {isa = PBXFileReference; lastKnownFileType = sourcecode.swift; path = MapView.swift; sourceTree = "<group>"; };
		5FC422DB2869993A00005A18 /* MapViewModel.swift */ = {isa = PBXFileReference; lastKnownFileType = sourcecode.swift; path = MapViewModel.swift; sourceTree = "<group>"; };
		5FC422E12869A06B00005A18 /* AdsSearchView.swift */ = {isa = PBXFileReference; lastKnownFileType = sourcecode.swift; path = AdsSearchView.swift; sourceTree = "<group>"; };
		5FDF6905286B22BA00CF567E /* TransportsRow.swift */ = {isa = PBXFileReference; fileEncoding = 4; lastKnownFileType = sourcecode.swift; path = TransportsRow.swift; sourceTree = "<group>"; };
		5FDF6906286B22BA00CF567E /* medicCenterList.swift */ = {isa = PBXFileReference; fileEncoding = 4; lastKnownFileType = sourcecode.swift; path = medicCenterList.swift; sourceTree = "<group>"; };
		5FDF6907286B22BA00CF567E /* specialtiesList.swift */ = {isa = PBXFileReference; fileEncoding = 4; lastKnownFileType = sourcecode.swift; path = specialtiesList.swift; sourceTree = "<group>"; };
		5FDF6908286B22BA00CF567E /* FiltersView.swift */ = {isa = PBXFileReference; fileEncoding = 4; lastKnownFileType = sourcecode.swift; path = FiltersView.swift; sourceTree = "<group>"; };
		5FDF6909286B22BA00CF567E /* FiltersViewRow.swift */ = {isa = PBXFileReference; fileEncoding = 4; lastKnownFileType = sourcecode.swift; path = FiltersViewRow.swift; sourceTree = "<group>"; };
		7B0A7ABA286300D900E8DEA6 /* FredokaOne-Regular.ttf */ = {isa = PBXFileReference; lastKnownFileType = file; path = "FredokaOne-Regular.ttf"; sourceTree = "<group>"; };
		7B31E4992865F1CF00DDBCF8 /* Base */ = {isa = PBXFileReference; lastKnownFileType = file.storyboard; name = Base; path = Base.lproj/LaunchScreen.storyboard; sourceTree = "<group>"; };
		7B393F94286AEED800430DA5 /* Textfield param.swift */ = {isa = PBXFileReference; fileEncoding = 4; lastKnownFileType = sourcecode.swift; path = "Textfield param.swift"; sourceTree = "<group>"; };
		7B393F95286AEED800430DA5 /* Apply.swift */ = {isa = PBXFileReference; fileEncoding = 4; lastKnownFileType = sourcecode.swift; path = Apply.swift; sourceTree = "<group>"; };
		7B393F9F286AEED800430DA5 /* Helpers.swift */ = {isa = PBXFileReference; fileEncoding = 4; lastKnownFileType = sourcecode.swift; path = Helpers.swift; sourceTree = "<group>"; };
		7B393FA0286AEED800430DA5 /* Assets.xcassets */ = {isa = PBXFileReference; lastKnownFileType = folder.assetcatalog; path = Assets.xcassets; sourceTree = "<group>"; };
		7B393FA2286AEED800430DA5 /* Preview Assets.xcassets */ = {isa = PBXFileReference; lastKnownFileType = folder.assetcatalog; path = "Preview Assets.xcassets"; sourceTree = "<group>"; };
		7B393FA5286AEED800430DA5 /* CV3.pdf */ = {isa = PBXFileReference; lastKnownFileType = image.pdf; path = CV3.pdf; sourceTree = "<group>"; };
		7B393FA8286AEED800430DA5 /* Structures.swift */ = {isa = PBXFileReference; fileEncoding = 4; lastKnownFileType = sourcecode.swift; path = Structures.swift; sourceTree = "<group>"; };
		7B393FAD286AEED800430DA5 /* DetailedAdUIView.swift */ = {isa = PBXFileReference; fileEncoding = 4; lastKnownFileType = sourcecode.swift; path = DetailedAdUIView.swift; sourceTree = "<group>"; };
		7B393FAE286AEED800430DA5 /* Profile.swift */ = {isa = PBXFileReference; fileEncoding = 4; lastKnownFileType = sourcecode.swift; path = Profile.swift; sourceTree = "<group>"; };
		7B393FB0286AEED800430DA5 /* BubbleTabBarView.swift */ = {isa = PBXFileReference; fileEncoding = 4; lastKnownFileType = sourcecode.swift; path = BubbleTabBarView.swift; sourceTree = "<group>"; };
		7B393FB2286AEED900430DA5 /* AdDiscoverUIView.swift */ = {isa = PBXFileReference; fileEncoding = 4; lastKnownFileType = sourcecode.swift; path = AdDiscoverUIView.swift; sourceTree = "<group>"; };
		7B393FB3286AEED900430DA5 /* Settings.swift */ = {isa = PBXFileReference; fileEncoding = 4; lastKnownFileType = sourcecode.swift; path = Settings.swift; sourceTree = "<group>"; };
		7B393FB4286AEED900430DA5 /* CreationAdUIView.swift */ = {isa = PBXFileReference; fileEncoding = 4; lastKnownFileType = sourcecode.swift; path = CreationAdUIView.swift; sourceTree = "<group>"; };
		7B393FB5286AEED900430DA5 /* AdPublished.swift */ = {isa = PBXFileReference; fileEncoding = 4; lastKnownFileType = sourcecode.swift; path = AdPublished.swift; sourceTree = "<group>"; };
		7B393FB6286AEED900430DA5 /* SavedAds.swift */ = {isa = PBXFileReference; fileEncoding = 4; lastKnownFileType = sourcecode.swift; path = SavedAds.swift; sourceTree = "<group>"; };
		7B393FB8286AEED900430DA5 /* CVSent.swift */ = {isa = PBXFileReference; fileEncoding = 4; lastKnownFileType = sourcecode.swift; path = CVSent.swift; sourceTree = "<group>"; };
		7B393FBA286AEED900430DA5 /* DataFile.swift */ = {isa = PBXFileReference; fileEncoding = 4; lastKnownFileType = sourcecode.swift; path = DataFile.swift; sourceTree = "<group>"; };
/* End PBXFileReference section */

/* Begin PBXFrameworksBuildPhase section */
		4F6B0981285B78E600F06DCC /* Frameworks */ = {
			isa = PBXFrameworksBuildPhase;
			buildActionMask = 2147483647;
			files = (
			);
			runOnlyForDeploymentPostprocessing = 0;
		};
/* End PBXFrameworksBuildPhase section */

/* Begin PBXGroup section */
		4F6B097B285B78E600F06DCC = {
			isa = PBXGroup;
			children = (
				7B0A7ABA286300D900E8DEA6 /* FredokaOne-Regular.ttf */,
				7B31E49A2865F1CF00DDBCF8 /* LaunchScreen.storyboard */,
				7B393F92286AEED800430DA5 /* DocNextDoor */,
				4F6B0985285B78E600F06DCC /* Products */,
			);
			sourceTree = "<group>";
		};
		4F6B0985285B78E600F06DCC /* Products */ = {
			isa = PBXGroup;
			children = (
				4F6B0984285B78E600F06DCC /* DocNextDoor.app */,
			);
			name = Products;
			sourceTree = "<group>";
		};
		4FB38B43286B37B1002ECF0D /* AdsCreation */ = {
			isa = PBXGroup;
			children = (
				4FB38B48286B37B1002ECF0D /* AdsCreatV2.swift */,
				4FB38B44286B37B1002ECF0D /* AdsComposant */,
			);
			path = AdsCreation;
			sourceTree = "<group>";
		};
		4FB38B44286B37B1002ECF0D /* AdsComposant */ = {
			isa = PBXGroup;
			children = (
				4FB38B45286B37B1002ECF0D /* Button_Annonce.swift */,
				4FB38B51286C349A002ECF0D /* SendMail.swift */,
				4FB38B4D286B3867002ECF0D /* AdsImage.swift */,
				4FB38B4F286B387A002ECF0D /* AdsPicto.swift */,
				4FB38B46286B37B1002ECF0D /* ImagePicker.swift */,
				4FB38B47286B37B1002ECF0D /* AdsTextField.swift */,
			);
			path = AdsComposant;
			sourceTree = "<group>";
		};
		5FC422DD2869994A00005A18 /* Map */ = {
			isa = PBXGroup;
			children = (
				5FC422D9286998D300005A18 /* MapView.swift */,
				5FC422DB2869993A00005A18 /* MapViewModel.swift */,
			);
			path = Map;
			sourceTree = "<group>";
		};
		5FC422DE28699A5300005A18 /* Search */ = {
			isa = PBXGroup;
			children = (
				5FC422E12869A06B00005A18 /* AdsSearchView.swift */,
				5FDF6902286B22BA00CF567E /* Filters */,
				5FC422DD2869994A00005A18 /* Map */,
			);
			path = Search;
			sourceTree = "<group>";
		};
		5FDF6902286B22BA00CF567E /* Filters */ = {
			isa = PBXGroup;
			children = (
				5FDF6904286B22BA00CF567E /* ChildViews */,
				5FDF6908286B22BA00CF567E /* FiltersView.swift */,
				5FDF6909286B22BA00CF567E /* FiltersViewRow.swift */,
			);
			path = Filters;
			sourceTree = "<group>";
		};
		5FDF6904286B22BA00CF567E /* ChildViews */ = {
			isa = PBXGroup;
			children = (
				5FDF6905286B22BA00CF567E /* TransportsRow.swift */,
				5FDF6906286B22BA00CF567E /* medicCenterList.swift */,
				5FDF6907286B22BA00CF567E /* specialtiesList.swift */,
			);
			path = ChildViews;
			sourceTree = "<group>";
		};
		7B393F92286AEED800430DA5 /* DocNextDoor */ = {
			isa = PBXGroup;
			children = (
				4F6B0987285B78E600F06DCC /* DocNextDoorApp.swift */,
				4FB38B43286B37B1002ECF0D /* AdsCreation */,
				5FC422DE28699A5300005A18 /* Search */,
				4F6B098B285B78E700F06DCC /* Assets.xcassets */,
				7B393FB9286AEED900430DA5 /* Data */,
				7B393FA7286AEED800430DA5 /* Model */,
				7B393F9F286AEED800430DA5 /* Helpers.swift */,
				7B393FA9286AEED800430DA5 /* View */,
				7B393FA0286AEED800430DA5 /* Assets.xcassets */,
				7B393FA1286AEED800430DA5 /* Preview Content */,
			);
			path = DocNextDoor;
			sourceTree = "<group>";
		};
		7B393F93286AEED800430DA5 /* Apply */ = {
			isa = PBXGroup;
			children = (
				7B393FB8286AEED900430DA5 /* CVSent.swift */,
				7B393F94286AEED800430DA5 /* Textfield param.swift */,
				7B393F95286AEED800430DA5 /* Apply.swift */,
			);
			path = Apply;
			sourceTree = "<group>";
		};
		7B393FA1286AEED800430DA5 /* Preview Content */ = {
			isa = PBXGroup;
			children = (
				7B393FA2286AEED800430DA5 /* Preview Assets.xcassets */,
			);
			path = "Preview Content";
			sourceTree = "<group>";
		};
		7B393FA4286AEED800430DA5 /* Profile */ = {
			isa = PBXGroup;
			children = (
				7B393FB3286AEED900430DA5 /* Settings.swift */,
				7B393FAE286AEED800430DA5 /* Profile.swift */,
				7B393FA5286AEED800430DA5 /* CV3.pdf */,
			);
			path = Profile;
			sourceTree = "<group>";
		};
		7B393FA7286AEED800430DA5 /* Model */ = {
			isa = PBXGroup;
			children = (
				7B393FA8286AEED800430DA5 /* Structures.swift */,
			);
			path = Model;
			sourceTree = "<group>";
		};
		7B393FA9286AEED800430DA5 /* View */ = {
			isa = PBXGroup;
			children = (
				7B393FA4286AEED800430DA5 /* Profile */,
				7B393F93286AEED800430DA5 /* Apply */,
				7B393FAD286AEED800430DA5 /* DetailedAdUIView.swift */,
				7B393FAF286AEED800430DA5 /* TabBar */,
				7B393FB2286AEED900430DA5 /* AdDiscoverUIView.swift */,
				7B393FB4286AEED900430DA5 /* CreationAdUIView.swift */,
				7B393FB5286AEED900430DA5 /* AdPublished.swift */,
				7B393FB6286AEED900430DA5 /* SavedAds.swift */,
			);
			path = View;
			sourceTree = "<group>";
		};
		7B393FAF286AEED800430DA5 /* TabBar */ = {
			isa = PBXGroup;
			children = (
				7B393FB0286AEED800430DA5 /* BubbleTabBarView.swift */,
			);
			path = TabBar;
			sourceTree = "<group>";
		};
		7B393FB9286AEED900430DA5 /* Data */ = {
			isa = PBXGroup;
			children = (
				7B393FBA286AEED900430DA5 /* DataFile.swift */,
			);
			path = Data;
			sourceTree = "<group>";
		};
/* End PBXGroup section */

/* Begin PBXNativeTarget section */
		4F6B0983285B78E600F06DCC /* DocNextDoor */ = {
			isa = PBXNativeTarget;
			buildConfigurationList = 4F6B0992285B78E700F06DCC /* Build configuration list for PBXNativeTarget "DocNextDoor" */;
			buildPhases = (
				4F6B0980285B78E600F06DCC /* Sources */,
				4F6B0981285B78E600F06DCC /* Frameworks */,
				4F6B0982285B78E600F06DCC /* Resources */,
			);
			buildRules = (
			);
			dependencies = (
			);
			name = DocNextDoor;
			productName = DocNextDoor;
			productReference = 4F6B0984285B78E600F06DCC /* DocNextDoor.app */;
			productType = "com.apple.product-type.application";
		};
/* End PBXNativeTarget section */

/* Begin PBXProject section */
		4F6B097C285B78E600F06DCC /* Project object */ = {
			isa = PBXProject;
			attributes = {
				BuildIndependentTargetsInParallel = 1;
				LastSwiftUpdateCheck = 1340;
				LastUpgradeCheck = 1340;
				TargetAttributes = {
					4F6B0983285B78E600F06DCC = {
						CreatedOnToolsVersion = 13.4.1;
					};
				};
			};
			buildConfigurationList = 4F6B097F285B78E600F06DCC /* Build configuration list for PBXProject "DocNextDoor" */;
			compatibilityVersion = "Xcode 13.0";
			developmentRegion = en;
			hasScannedForEncodings = 0;
			knownRegions = (
				en,
				Base,
			);
			mainGroup = 4F6B097B285B78E600F06DCC;
			productRefGroup = 4F6B0985285B78E600F06DCC /* Products */;
			projectDirPath = "";
			projectRoot = "";
			targets = (
				4F6B0983285B78E600F06DCC /* DocNextDoor */,
			);
		};
/* End PBXProject section */

/* Begin PBXResourcesBuildPhase section */
		4F6B0982285B78E600F06DCC /* Resources */ = {
			isa = PBXResourcesBuildPhase;
			buildActionMask = 2147483647;
			files = (
				7B393FC9286AEED900430DA5 /* Preview Assets.xcassets in Resources */,
				7B393FCB286AEED900430DA5 /* CV3.pdf in Resources */,
				7B31E4982865F1CF00DDBCF8 /* LaunchScreen.storyboard in Resources */,
				7B393FC8286AEED900430DA5 /* Assets.xcassets in Resources */,
				7B0A7ABB286300D900E8DEA6 /* FredokaOne-Regular.ttf in Resources */,
			);
			runOnlyForDeploymentPostprocessing = 0;
		};
/* End PBXResourcesBuildPhase section */

/* Begin PBXSourcesBuildPhase section */
		4F6B0980285B78E600F06DCC /* Sources */ = {
			isa = PBXSourcesBuildPhase;
			buildActionMask = 2147483647;
			files = (
				4F6B098A285B78E600F06DCC /* (null) in Sources */,
				5FDF690B286B22BA00CF567E /* TransportsRow.swift in Sources */,
				4FB38B50286B387A002ECF0D /* AdsPicto.swift in Sources */,
				5FC422DC2869993A00005A18 /* MapViewModel.swift in Sources */,
				4FB38B4B286B37B1002ECF0D /* AdsTextField.swift in Sources */,
				5FC422E22869A06B00005A18 /* AdsSearchView.swift in Sources */,
				4F6B0988285B78E600F06DCC /* DocNextDoorApp.swift in Sources */,
				5FC422DA286998D300005A18 /* MapView.swift in Sources */,
				5FC422DA286998D300005A18 /* MapView.swift in Sources */,
				7B393FD1286AEED900430DA5 /* Profile.swift in Sources */,
				5FDF690C286B22BA00CF567E /* medicCenterList.swift in Sources */,
				7B393FD4286AEED900430DA5 /* AdDiscoverUIView.swift in Sources */,
				7B393FBF286AEED900430DA5 /* Apply.swift in Sources */,
				7B393FCD286AEED900430DA5 /* Structures.swift in Sources */,
				7B393FC7286AEED900430DA5 /* Helpers.swift in Sources */,
				4FB38B4E286B3867002ECF0D /* AdsImage.swift in Sources */,
				5FDF690D286B22BA00CF567E /* specialtiesList.swift in Sources */,
				5FDF690F286B22BA00CF567E /* FiltersViewRow.swift in Sources */,
				7B393FD6286AEED900430DA5 /* CreationAdUIView.swift in Sources */,
				7B393FDB286AEED900430DA5 /* DataFile.swift in Sources */,
				4FB38B4A286B37B1002ECF0D /* ImagePicker.swift in Sources */,
				7B393FBE286AEED900430DA5 /* Textfield param.swift in Sources */,
				4FB38B52286C349A002ECF0D /* SendMail.swift in Sources */,
				5FDF690E286B22BA00CF567E /* FiltersView.swift in Sources */,
				7B393FD0286AEED900430DA5 /* DetailedAdUIView.swift in Sources */,
				4FB38B49286B37B1002ECF0D /* Button_Annonce.swift in Sources */,
				7B393FD2286AEED900430DA5 /* BubbleTabBarView.swift in Sources */,
				7B393FD5286AEED900430DA5 /* Settings.swift in Sources */,
				7B393FD8286AEED900430DA5 /* SavedAds.swift in Sources */,
				7B393FD7286AEED900430DA5 /* AdPublished.swift in Sources */,
				4FB38B4C286B37B1002ECF0D /* AdsCreatV2.swift in Sources */,
				7B393FDA286AEED900430DA5 /* CVSent.swift in Sources */,
			);
			runOnlyForDeploymentPostprocessing = 0;
		};
/* End PBXSourcesBuildPhase section */

/* Begin PBXVariantGroup section */
		7B31E49A2865F1CF00DDBCF8 /* LaunchScreen.storyboard */ = {
			isa = PBXVariantGroup;
			children = (
				7B31E4992865F1CF00DDBCF8 /* Base */,
			);
			name = LaunchScreen.storyboard;
			sourceTree = "<group>";
		};
/* End PBXVariantGroup section */

/* Begin XCBuildConfiguration section */
		4F6B0990285B78E700F06DCC /* Debug */ = {
			isa = XCBuildConfiguration;
			buildSettings = {
				ALWAYS_SEARCH_USER_PATHS = NO;
				CLANG_ANALYZER_NONNULL = YES;
				CLANG_ANALYZER_NUMBER_OBJECT_CONVERSION = YES_AGGRESSIVE;
				CLANG_CXX_LANGUAGE_STANDARD = "gnu++17";
				CLANG_ENABLE_MODULES = YES;
				CLANG_ENABLE_OBJC_ARC = YES;
				CLANG_ENABLE_OBJC_WEAK = YES;
				CLANG_WARN_BLOCK_CAPTURE_AUTORELEASING = YES;
				CLANG_WARN_BOOL_CONVERSION = YES;
				CLANG_WARN_COMMA = YES;
				CLANG_WARN_CONSTANT_CONVERSION = YES;
				CLANG_WARN_DEPRECATED_OBJC_IMPLEMENTATIONS = YES;
				CLANG_WARN_DIRECT_OBJC_ISA_USAGE = YES_ERROR;
				CLANG_WARN_DOCUMENTATION_COMMENTS = YES;
				CLANG_WARN_EMPTY_BODY = YES;
				CLANG_WARN_ENUM_CONVERSION = YES;
				CLANG_WARN_INFINITE_RECURSION = YES;
				CLANG_WARN_INT_CONVERSION = YES;
				CLANG_WARN_NON_LITERAL_NULL_CONVERSION = YES;
				CLANG_WARN_OBJC_IMPLICIT_RETAIN_SELF = YES;
				CLANG_WARN_OBJC_LITERAL_CONVERSION = YES;
				CLANG_WARN_OBJC_ROOT_CLASS = YES_ERROR;
				CLANG_WARN_QUOTED_INCLUDE_IN_FRAMEWORK_HEADER = YES;
				CLANG_WARN_RANGE_LOOP_ANALYSIS = YES;
				CLANG_WARN_STRICT_PROTOTYPES = YES;
				CLANG_WARN_SUSPICIOUS_MOVE = YES;
				CLANG_WARN_UNGUARDED_AVAILABILITY = YES_AGGRESSIVE;
				CLANG_WARN_UNREACHABLE_CODE = YES;
				CLANG_WARN__DUPLICATE_METHOD_MATCH = YES;
				COPY_PHASE_STRIP = NO;
				DEBUG_INFORMATION_FORMAT = dwarf;
				ENABLE_STRICT_OBJC_MSGSEND = YES;
				ENABLE_TESTABILITY = YES;
				GCC_C_LANGUAGE_STANDARD = gnu11;
				GCC_DYNAMIC_NO_PIC = NO;
				GCC_NO_COMMON_BLOCKS = YES;
				GCC_OPTIMIZATION_LEVEL = 0;
				GCC_PREPROCESSOR_DEFINITIONS = (
					"DEBUG=1",
					"$(inherited)",
				);
				GCC_WARN_64_TO_32_BIT_CONVERSION = YES;
				GCC_WARN_ABOUT_RETURN_TYPE = YES_ERROR;
				GCC_WARN_UNDECLARED_SELECTOR = YES;
				GCC_WARN_UNINITIALIZED_AUTOS = YES_AGGRESSIVE;
				GCC_WARN_UNUSED_FUNCTION = YES;
				GCC_WARN_UNUSED_VARIABLE = YES;
				IPHONEOS_DEPLOYMENT_TARGET = 15.5;
				MTL_ENABLE_DEBUG_INFO = INCLUDE_SOURCE;
				MTL_FAST_MATH = YES;
				ONLY_ACTIVE_ARCH = YES;
				SDKROOT = iphoneos;
				SWIFT_ACTIVE_COMPILATION_CONDITIONS = DEBUG;
				SWIFT_OPTIMIZATION_LEVEL = "-Onone";
			};
			name = Debug;
		};
		4F6B0991285B78E700F06DCC /* Release */ = {
			isa = XCBuildConfiguration;
			buildSettings = {
				ALWAYS_SEARCH_USER_PATHS = NO;
				CLANG_ANALYZER_NONNULL = YES;
				CLANG_ANALYZER_NUMBER_OBJECT_CONVERSION = YES_AGGRESSIVE;
				CLANG_CXX_LANGUAGE_STANDARD = "gnu++17";
				CLANG_ENABLE_MODULES = YES;
				CLANG_ENABLE_OBJC_ARC = YES;
				CLANG_ENABLE_OBJC_WEAK = YES;
				CLANG_WARN_BLOCK_CAPTURE_AUTORELEASING = YES;
				CLANG_WARN_BOOL_CONVERSION = YES;
				CLANG_WARN_COMMA = YES;
				CLANG_WARN_CONSTANT_CONVERSION = YES;
				CLANG_WARN_DEPRECATED_OBJC_IMPLEMENTATIONS = YES;
				CLANG_WARN_DIRECT_OBJC_ISA_USAGE = YES_ERROR;
				CLANG_WARN_DOCUMENTATION_COMMENTS = YES;
				CLANG_WARN_EMPTY_BODY = YES;
				CLANG_WARN_ENUM_CONVERSION = YES;
				CLANG_WARN_INFINITE_RECURSION = YES;
				CLANG_WARN_INT_CONVERSION = YES;
				CLANG_WARN_NON_LITERAL_NULL_CONVERSION = YES;
				CLANG_WARN_OBJC_IMPLICIT_RETAIN_SELF = YES;
				CLANG_WARN_OBJC_LITERAL_CONVERSION = YES;
				CLANG_WARN_OBJC_ROOT_CLASS = YES_ERROR;
				CLANG_WARN_QUOTED_INCLUDE_IN_FRAMEWORK_HEADER = YES;
				CLANG_WARN_RANGE_LOOP_ANALYSIS = YES;
				CLANG_WARN_STRICT_PROTOTYPES = YES;
				CLANG_WARN_SUSPICIOUS_MOVE = YES;
				CLANG_WARN_UNGUARDED_AVAILABILITY = YES_AGGRESSIVE;
				CLANG_WARN_UNREACHABLE_CODE = YES;
				CLANG_WARN__DUPLICATE_METHOD_MATCH = YES;
				COPY_PHASE_STRIP = NO;
				DEBUG_INFORMATION_FORMAT = "dwarf-with-dsym";
				ENABLE_NS_ASSERTIONS = NO;
				ENABLE_STRICT_OBJC_MSGSEND = YES;
				GCC_C_LANGUAGE_STANDARD = gnu11;
				GCC_NO_COMMON_BLOCKS = YES;
				GCC_WARN_64_TO_32_BIT_CONVERSION = YES;
				GCC_WARN_ABOUT_RETURN_TYPE = YES_ERROR;
				GCC_WARN_UNDECLARED_SELECTOR = YES;
				GCC_WARN_UNINITIALIZED_AUTOS = YES_AGGRESSIVE;
				GCC_WARN_UNUSED_FUNCTION = YES;
				GCC_WARN_UNUSED_VARIABLE = YES;
				IPHONEOS_DEPLOYMENT_TARGET = 15.5;
				MTL_ENABLE_DEBUG_INFO = NO;
				MTL_FAST_MATH = YES;
				SDKROOT = iphoneos;
				SWIFT_COMPILATION_MODE = wholemodule;
				SWIFT_OPTIMIZATION_LEVEL = "-O";
				VALIDATE_PRODUCT = YES;
			};
			name = Release;
		};
		4F6B0993285B78E700F06DCC /* Debug */ = {
			isa = XCBuildConfiguration;
			buildSettings = {
				ASSETCATALOG_COMPILER_APPICON_NAME = AppIcon;
				ASSETCATALOG_COMPILER_GLOBAL_ACCENT_COLOR_NAME = AccentColor;
				CODE_SIGN_STYLE = Automatic;
				CURRENT_PROJECT_VERSION = 1;
				DEVELOPMENT_ASSET_PATHS = "\"DocNextDoor/Preview Content\"";
				DEVELOPMENT_TEAM = "";
				ENABLE_PREVIEWS = YES;
				GENERATE_INFOPLIST_FILE = YES;
				INFOPLIST_FILE = "";
				INFOPLIST_KEY_NSLocationWhenInUseUsageDescription = "DocNextDoor a besoin de connaître votre position pour afficher les résultats selon vos critères et votre position.";
				INFOPLIST_KEY_UIApplicationSceneManifest_Generation = YES;
				INFOPLIST_KEY_UIApplicationSupportsIndirectInputEvents = YES;
				INFOPLIST_KEY_UILaunchScreen_Generation = YES;
				INFOPLIST_KEY_UILaunchStoryboardName = LaunchScreen;
				INFOPLIST_KEY_UISupportedInterfaceOrientations_iPad = "UIInterfaceOrientationPortrait UIInterfaceOrientationPortraitUpsideDown UIInterfaceOrientationLandscapeLeft UIInterfaceOrientationLandscapeRight";
				INFOPLIST_KEY_UISupportedInterfaceOrientations_iPhone = "UIInterfaceOrientationPortrait UIInterfaceOrientationLandscapeLeft UIInterfaceOrientationLandscapeRight";
				LD_RUNPATH_SEARCH_PATHS = (
					"$(inherited)",
					"@executable_path/Frameworks",
				);
				MARKETING_VERSION = 1.0;
				PRODUCT_BUNDLE_IDENTIFIER = GroupeSanteAFP.DocNextDoor;
				PRODUCT_NAME = "$(TARGET_NAME)";
				SWIFT_EMIT_LOC_STRINGS = YES;
				SWIFT_VERSION = 5.0;
				TARGETED_DEVICE_FAMILY = 1;
			};
			name = Debug;
		};
		4F6B0994285B78E700F06DCC /* Release */ = {
			isa = XCBuildConfiguration;
			buildSettings = {
				ASSETCATALOG_COMPILER_APPICON_NAME = AppIcon;
				ASSETCATALOG_COMPILER_GLOBAL_ACCENT_COLOR_NAME = AccentColor;
				CODE_SIGN_STYLE = Automatic;
				CURRENT_PROJECT_VERSION = 1;
				DEVELOPMENT_ASSET_PATHS = "\"DocNextDoor/Preview Content\"";
				DEVELOPMENT_TEAM = "";
				ENABLE_PREVIEWS = YES;
				GENERATE_INFOPLIST_FILE = YES;
				INFOPLIST_FILE = "";
				INFOPLIST_KEY_NSLocationWhenInUseUsageDescription = "DocNextDoor a besoin de connaître votre position pour afficher les résultats selon vos critères et votre position.";
				INFOPLIST_KEY_UIApplicationSceneManifest_Generation = YES;
				INFOPLIST_KEY_UIApplicationSupportsIndirectInputEvents = YES;
				INFOPLIST_KEY_UILaunchScreen_Generation = YES;
				INFOPLIST_KEY_UILaunchStoryboardName = LaunchScreen;
				INFOPLIST_KEY_UISupportedInterfaceOrientations_iPad = "UIInterfaceOrientationPortrait UIInterfaceOrientationPortraitUpsideDown UIInterfaceOrientationLandscapeLeft UIInterfaceOrientationLandscapeRight";
				INFOPLIST_KEY_UISupportedInterfaceOrientations_iPhone = "UIInterfaceOrientationPortrait UIInterfaceOrientationLandscapeLeft UIInterfaceOrientationLandscapeRight";
				LD_RUNPATH_SEARCH_PATHS = (
					"$(inherited)",
					"@executable_path/Frameworks",
				);
				MARKETING_VERSION = 1.0;
				PRODUCT_BUNDLE_IDENTIFIER = GroupeSanteAFP.DocNextDoor;
				PRODUCT_NAME = "$(TARGET_NAME)";
				SWIFT_EMIT_LOC_STRINGS = YES;
				SWIFT_VERSION = 5.0;
				TARGETED_DEVICE_FAMILY = 1;
			};
			name = Release;
		};
/* End XCBuildConfiguration section */

/* Begin XCConfigurationList section */
		4F6B097F285B78E600F06DCC /* Build configuration list for PBXProject "DocNextDoor" */ = {
			isa = XCConfigurationList;
			buildConfigurations = (
				4F6B0990285B78E700F06DCC /* Debug */,
				4F6B0991285B78E700F06DCC /* Release */,
			);
			defaultConfigurationIsVisible = 0;
			defaultConfigurationName = Release;
		};
		4F6B0992285B78E700F06DCC /* Build configuration list for PBXNativeTarget "DocNextDoor" */ = {
			isa = XCConfigurationList;
			buildConfigurations = (
				4F6B0993285B78E700F06DCC /* Debug */,
				4F6B0994285B78E700F06DCC /* Release */,
			);
			defaultConfigurationIsVisible = 0;
			defaultConfigurationName = Release;
		};
/* End XCConfigurationList section */
	};
	rootObject = 4F6B097C285B78E600F06DCC /* Project object */;
}
